// !$*UTF8*$!
{
	archiveVersion = 1;
	classes = {
	};
	objectVersion = 55;
	objects = {

/* Begin PBXBuildFile section */
		611DA60F294A76D40047DAFA /* LoginViewController.swift in Sources */ = {isa = PBXBuildFile; fileRef = 611DA60D294A76D40047DAFA /* LoginViewController.swift */; };
		611DA610294A76D40047DAFA /* LoginViewController.xib in Resources */ = {isa = PBXBuildFile; fileRef = 611DA60E294A76D40047DAFA /* LoginViewController.xib */; };
		615C46F029522B9800D53EAB /* TabBarViewController.swift in Sources */ = {isa = PBXBuildFile; fileRef = 615C46EF29522B9800D53EAB /* TabBarViewController.swift */; };
		615C46F329522CCD00D53EAB /* FavoritesViewController.swift in Sources */ = {isa = PBXBuildFile; fileRef = 615C46F129522CCD00D53EAB /* FavoritesViewController.swift */; };
		615C46F429522CCD00D53EAB /* FavoritesViewController.xib in Resources */ = {isa = PBXBuildFile; fileRef = 615C46F229522CCD00D53EAB /* FavoritesViewController.xib */; };
		615C46F729522CFA00D53EAB /* ProfileViewController.swift in Sources */ = {isa = PBXBuildFile; fileRef = 615C46F529522CFA00D53EAB /* ProfileViewController.swift */; };
		615C46F829522CFA00D53EAB /* ProfileViewController.xib in Resources */ = {isa = PBXBuildFile; fileRef = 615C46F629522CFA00D53EAB /* ProfileViewController.xib */; };
		61728E602949311600E1A1AD /* AppDelegate.swift in Sources */ = {isa = PBXBuildFile; fileRef = 61728E5F2949311600E1A1AD /* AppDelegate.swift */; };
		61728E622949311600E1A1AD /* SceneDelegate.swift in Sources */ = {isa = PBXBuildFile; fileRef = 61728E612949311600E1A1AD /* SceneDelegate.swift */; };
		61728E642949311600E1A1AD /* ViewController.swift in Sources */ = {isa = PBXBuildFile; fileRef = 61728E632949311600E1A1AD /* ViewController.swift */; };
		61728E692949311A00E1A1AD /* Assets.xcassets in Resources */ = {isa = PBXBuildFile; fileRef = 61728E682949311A00E1A1AD /* Assets.xcassets */; };
		61728E6C2949311A00E1A1AD /* LaunchScreen.storyboard in Resources */ = {isa = PBXBuildFile; fileRef = 61728E6A2949311A00E1A1AD /* LaunchScreen.storyboard */; };
		61803B29294BBEDD00667873 /* RegisterViewController.swift in Sources */ = {isa = PBXBuildFile; fileRef = 61803B27294BBEDD00667873 /* RegisterViewController.swift */; };
		61803B2A294BBEDD00667873 /* RegisterViewController.xib in Resources */ = {isa = PBXBuildFile; fileRef = 61803B28294BBEDD00667873 /* RegisterViewController.xib */; };
		61FF505D294D0EF1004D59AF /* HomeViewController.swift in Sources */ = {isa = PBXBuildFile; fileRef = 61FF505B294D0EF1004D59AF /* HomeViewController.swift */; };
		61FF505E294D0EF1004D59AF /* HomeViewController.xib in Resources */ = {isa = PBXBuildFile; fileRef = 61FF505C294D0EF1004D59AF /* HomeViewController.xib */; };
/* End PBXBuildFile section */

/* Begin PBXFileReference section */
		611DA60D294A76D40047DAFA /* LoginViewController.swift */ = {isa = PBXFileReference; lastKnownFileType = sourcecode.swift; path = LoginViewController.swift; sourceTree = "<group>"; };
		611DA60E294A76D40047DAFA /* LoginViewController.xib */ = {isa = PBXFileReference; lastKnownFileType = file.xib; path = LoginViewController.xib; sourceTree = "<group>"; };
		615C46EF29522B9800D53EAB /* TabBarViewController.swift */ = {isa = PBXFileReference; lastKnownFileType = sourcecode.swift; path = TabBarViewController.swift; sourceTree = "<group>"; };
		615C46F129522CCD00D53EAB /* FavoritesViewController.swift */ = {isa = PBXFileReference; lastKnownFileType = sourcecode.swift; path = FavoritesViewController.swift; sourceTree = "<group>"; };
		615C46F229522CCD00D53EAB /* FavoritesViewController.xib */ = {isa = PBXFileReference; lastKnownFileType = file.xib; path = FavoritesViewController.xib; sourceTree = "<group>"; };
		615C46F529522CFA00D53EAB /* ProfileViewController.swift */ = {isa = PBXFileReference; lastKnownFileType = sourcecode.swift; path = ProfileViewController.swift; sourceTree = "<group>"; };
		615C46F629522CFA00D53EAB /* ProfileViewController.xib */ = {isa = PBXFileReference; lastKnownFileType = file.xib; path = ProfileViewController.xib; sourceTree = "<group>"; };
		61728E5C2949311600E1A1AD /* GolDeHoy.app */ = {isa = PBXFileReference; explicitFileType = wrapper.application; includeInIndex = 0; path = GolDeHoy.app; sourceTree = BUILT_PRODUCTS_DIR; };
		61728E5F2949311600E1A1AD /* AppDelegate.swift */ = {isa = PBXFileReference; lastKnownFileType = sourcecode.swift; path = AppDelegate.swift; sourceTree = "<group>"; };
		61728E612949311600E1A1AD /* SceneDelegate.swift */ = {isa = PBXFileReference; lastKnownFileType = sourcecode.swift; path = SceneDelegate.swift; sourceTree = "<group>"; };
		61728E632949311600E1A1AD /* ViewController.swift */ = {isa = PBXFileReference; lastKnownFileType = sourcecode.swift; path = ViewController.swift; sourceTree = "<group>"; };
		61728E682949311A00E1A1AD /* Assets.xcassets */ = {isa = PBXFileReference; lastKnownFileType = folder.assetcatalog; path = Assets.xcassets; sourceTree = "<group>"; };
		61728E6B2949311A00E1A1AD /* Base */ = {isa = PBXFileReference; lastKnownFileType = file.storyboard; name = Base; path = Base.lproj/LaunchScreen.storyboard; sourceTree = "<group>"; };
		61728E6D2949311A00E1A1AD /* Info.plist */ = {isa = PBXFileReference; lastKnownFileType = text.plist.xml; path = Info.plist; sourceTree = "<group>"; };
		61803B27294BBEDD00667873 /* RegisterViewController.swift */ = {isa = PBXFileReference; lastKnownFileType = sourcecode.swift; path = RegisterViewController.swift; sourceTree = "<group>"; };
		61803B28294BBEDD00667873 /* RegisterViewController.xib */ = {isa = PBXFileReference; lastKnownFileType = file.xib; path = RegisterViewController.xib; sourceTree = "<group>"; };
		61FF505B294D0EF1004D59AF /* HomeViewController.swift */ = {isa = PBXFileReference; lastKnownFileType = sourcecode.swift; path = HomeViewController.swift; sourceTree = "<group>"; };
		61FF505C294D0EF1004D59AF /* HomeViewController.xib */ = {isa = PBXFileReference; lastKnownFileType = file.xib; path = HomeViewController.xib; sourceTree = "<group>"; };
/* End PBXFileReference section */

/* Begin PBXFrameworksBuildPhase section */
		61728E592949311600E1A1AD /* Frameworks */ = {
			isa = PBXFrameworksBuildPhase;
			buildActionMask = 2147483647;
			files = (
			);
			runOnlyForDeploymentPostprocessing = 0;
		};
/* End PBXFrameworksBuildPhase section */

/* Begin PBXGroup section */
		615C46E729522AFB00D53EAB /* Profile */ = {
			isa = PBXGroup;
			children = (
				615C46EB29522B1D00D53EAB /* Service */,
				615C46EA29522B1300D53EAB /* View */,
				615C46E929522B0D00D53EAB /* ViewModel */,
			);
			path = Profile;
			sourceTree = "<group>";
		};
		615C46E829522B0100D53EAB /* Favorites */ = {
			isa = PBXGroup;
			children = (
				615C46EE29522B2F00D53EAB /* Service */,
				615C46ED29522B2A00D53EAB /* View */,
				615C46EC29522B2400D53EAB /* ViewModel */,
			);
			path = Favorites;
			sourceTree = "<group>";
		};
		615C46E929522B0D00D53EAB /* ViewModel */ = {
			isa = PBXGroup;
			children = (
				615C46F529522CFA00D53EAB /* ProfileViewController.swift */,
			);
			path = ViewModel;
			sourceTree = "<group>";
		};
		615C46EA29522B1300D53EAB /* View */ = {
			isa = PBXGroup;
			children = (
				615C46F629522CFA00D53EAB /* ProfileViewController.xib */,
			);
			path = View;
			sourceTree = "<group>";
		};
		615C46EB29522B1D00D53EAB /* Service */ = {
			isa = PBXGroup;
			children = (
			);
			path = Service;
			sourceTree = "<group>";
		};
		615C46EC29522B2400D53EAB /* ViewModel */ = {
			isa = PBXGroup;
			children = (
				615C46F129522CCD00D53EAB /* FavoritesViewController.swift */,
			);
			path = ViewModel;
			sourceTree = "<group>";
		};
		615C46ED29522B2A00D53EAB /* View */ = {
			isa = PBXGroup;
			children = (
				615C46F229522CCD00D53EAB /* FavoritesViewController.xib */,
			);
			path = View;
			sourceTree = "<group>";
		};
		615C46EE29522B2F00D53EAB /* Service */ = {
			isa = PBXGroup;
			children = (
			);
			path = Service;
			sourceTree = "<group>";
		};
		61728E532949311600E1A1AD = {
			isa = PBXGroup;
			children = (
				61728E5E2949311600E1A1AD /* GolDeHoy */,
				61728E5D2949311600E1A1AD /* Products */,
			);
			sourceTree = "<group>";
		};
		61728E5D2949311600E1A1AD /* Products */ = {
			isa = PBXGroup;
			children = (
				61728E5C2949311600E1A1AD /* GolDeHoy.app */,
			);
			name = Products;
			sourceTree = "<group>";
		};
		61728E5E2949311600E1A1AD /* GolDeHoy */ = {
			isa = PBXGroup;
			children = (
				61803B1A294BBD3A00667873 /* Modules */,
				61803B19294BBBE400667873 /* Shared */,
				61803B18294BBBD000667873 /* Utils */,
				61728E5F2949311600E1A1AD /* AppDelegate.swift */,
				61728E612949311600E1A1AD /* SceneDelegate.swift */,
				61728E632949311600E1A1AD /* ViewController.swift */,
				61728E682949311A00E1A1AD /* Assets.xcassets */,
				61728E6A2949311A00E1A1AD /* LaunchScreen.storyboard */,
				61728E6D2949311A00E1A1AD /* Info.plist */,
			);
			path = GolDeHoy;
			sourceTree = "<group>";
		};
		61803B18294BBBD000667873 /* Utils */ = {
			isa = PBXGroup;
			children = (
				61803B26294BBE1A00667873 /* Extensions */,
			);
			path = Utils;
			sourceTree = "<group>";
		};
		61803B19294BBBE400667873 /* Shared */ = {
			isa = PBXGroup;
			children = (
				61803B1C294BBD5200667873 /* Models */,
				61803B1B294BBD4900667873 /* Networking */,
			);
			path = Shared;
			sourceTree = "<group>";
		};
		61803B1A294BBD3A00667873 /* Modules */ = {
			isa = PBXGroup;
			children = (
				615C46E829522B0100D53EAB /* Favorites */,
				615C46E729522AFB00D53EAB /* Profile */,
				61FF5057294D0EA9004D59AF /* Home */,
				61803B22294BBDAD00667873 /* Register */,
				61803B1D294BBD5700667873 /* Login */,
			);
			path = Modules;
			sourceTree = "<group>";
		};
		61803B1B294BBD4900667873 /* Networking */ = {
			isa = PBXGroup;
			children = (
			);
			path = Networking;
			sourceTree = "<group>";
		};
		61803B1C294BBD5200667873 /* Models */ = {
			isa = PBXGroup;
			children = (
			);
			path = Models;
			sourceTree = "<group>";
		};
		61803B1D294BBD5700667873 /* Login */ = {
			isa = PBXGroup;
			children = (
				61803B21294BBD8500667873 /* Service */,
				61803B1E294BBD6800667873 /* View */,
				61803B20294BBD7D00667873 /* ViewModel */,
			);
			path = Login;
			sourceTree = "<group>";
		};
		61803B1E294BBD6800667873 /* View */ = {
			isa = PBXGroup;
			children = (
				611DA60E294A76D40047DAFA /* LoginViewController.xib */,
			);
			path = View;
			sourceTree = "<group>";
		};
		61803B20294BBD7D00667873 /* ViewModel */ = {
			isa = PBXGroup;
			children = (
				611DA60D294A76D40047DAFA /* LoginViewController.swift */,
			);
			path = ViewModel;
			sourceTree = "<group>";
		};
		61803B21294BBD8500667873 /* Service */ = {
			isa = PBXGroup;
			children = (
			);
			path = Service;
			sourceTree = "<group>";
		};
		61803B22294BBDAD00667873 /* Register */ = {
			isa = PBXGroup;
			children = (
				61803B25294BBDEA00667873 /* Service */,
				61803B24294BBDE400667873 /* View */,
				61803B23294BBDDB00667873 /* ViewModel */,
			);
			path = Register;
			sourceTree = "<group>";
		};
		61803B23294BBDDB00667873 /* ViewModel */ = {
			isa = PBXGroup;
			children = (
				61803B27294BBEDD00667873 /* RegisterViewController.swift */,
			);
			path = ViewModel;
			sourceTree = "<group>";
		};
		61803B24294BBDE400667873 /* View */ = {
			isa = PBXGroup;
			children = (
				61803B28294BBEDD00667873 /* RegisterViewController.xib */,
			);
			path = View;
			sourceTree = "<group>";
		};
		61803B25294BBDEA00667873 /* Service */ = {
			isa = PBXGroup;
			children = (
			);
			path = Service;
			sourceTree = "<group>";
		};
		61803B26294BBE1A00667873 /* Extensions */ = {
			isa = PBXGroup;
			children = (
			);
			path = Extensions;
			sourceTree = "<group>";
		};
		61FF5057294D0EA9004D59AF /* Home */ = {
			isa = PBXGroup;
			children = (
				61FF505A294D0EC8004D59AF /* Service */,
				61FF5059294D0EBF004D59AF /* View */,
				61FF5058294D0EB4004D59AF /* ViewModel */,
			);
			path = Home;
			sourceTree = "<group>";
		};
		61FF5058294D0EB4004D59AF /* ViewModel */ = {
			isa = PBXGroup;
			children = (
				61FF505B294D0EF1004D59AF /* HomeViewController.swift */,
			);
			path = ViewModel;
			sourceTree = "<group>";
		};
		61FF5059294D0EBF004D59AF /* View */ = {
			isa = PBXGroup;
			children = (
				61FF505C294D0EF1004D59AF /* HomeViewController.xib */,
				615C46EF29522B9800D53EAB /* TabBarViewController.swift */,
			);
			path = View;
			sourceTree = "<group>";
		};
		61FF505A294D0EC8004D59AF /* Service */ = {
			isa = PBXGroup;
			children = (
			);
			path = Service;
			sourceTree = "<group>";
		};
/* End PBXGroup section */

/* Begin PBXNativeTarget section */
		61728E5B2949311600E1A1AD /* GolDeHoy */ = {
			isa = PBXNativeTarget;
			buildConfigurationList = 61728E702949311A00E1A1AD /* Build configuration list for PBXNativeTarget "GolDeHoy" */;
			buildPhases = (
				61728E582949311600E1A1AD /* Sources */,
				61728E592949311600E1A1AD /* Frameworks */,
				61728E5A2949311600E1A1AD /* Resources */,
			);
			buildRules = (
			);
			dependencies = (
			);
			name = GolDeHoy;
			productName = GolDeHoy;
			productReference = 61728E5C2949311600E1A1AD /* GolDeHoy.app */;
			productType = "com.apple.product-type.application";
		};
/* End PBXNativeTarget section */

/* Begin PBXProject section */
		61728E542949311600E1A1AD /* Project object */ = {
			isa = PBXProject;
			attributes = {
				BuildIndependentTargetsInParallel = 1;
				LastSwiftUpdateCheck = 1340;
				LastUpgradeCheck = 1340;
				TargetAttributes = {
					61728E5B2949311600E1A1AD = {
						CreatedOnToolsVersion = 13.4.1;
					};
				};
			};
			buildConfigurationList = 61728E572949311600E1A1AD /* Build configuration list for PBXProject "GolDeHoy" */;
			compatibilityVersion = "Xcode 13.0";
			developmentRegion = en;
			hasScannedForEncodings = 0;
			knownRegions = (
				en,
				Base,
			);
			mainGroup = 61728E532949311600E1A1AD;
			productRefGroup = 61728E5D2949311600E1A1AD /* Products */;
			projectDirPath = "";
			projectRoot = "";
			targets = (
				61728E5B2949311600E1A1AD /* GolDeHoy */,
			);
		};
/* End PBXProject section */

/* Begin PBXResourcesBuildPhase section */
		61728E5A2949311600E1A1AD /* Resources */ = {
			isa = PBXResourcesBuildPhase;
			buildActionMask = 2147483647;
			files = (
				615C46F829522CFA00D53EAB /* ProfileViewController.xib in Resources */,
				61728E6C2949311A00E1A1AD /* LaunchScreen.storyboard in Resources */,
				61728E692949311A00E1A1AD /* Assets.xcassets in Resources */,
				61FF505E294D0EF1004D59AF /* HomeViewController.xib in Resources */,
				611DA610294A76D40047DAFA /* LoginViewController.xib in Resources */,
				615C46F429522CCD00D53EAB /* FavoritesViewController.xib in Resources */,
				61803B2A294BBEDD00667873 /* RegisterViewController.xib in Resources */,
			);
			runOnlyForDeploymentPostprocessing = 0;
		};
/* End PBXResourcesBuildPhase section */

/* Begin PBXSourcesBuildPhase section */
		61728E582949311600E1A1AD /* Sources */ = {
			isa = PBXSourcesBuildPhase;
			buildActionMask = 2147483647;
			files = (
				611DA60F294A76D40047DAFA /* LoginViewController.swift in Sources */,
				61803B29294BBEDD00667873 /* RegisterViewController.swift in Sources */,
				615C46F329522CCD00D53EAB /* FavoritesViewController.swift in Sources */,
				61728E642949311600E1A1AD /* ViewController.swift in Sources */,
				61728E602949311600E1A1AD /* AppDelegate.swift in Sources */,
				615C46F029522B9800D53EAB /* TabBarViewController.swift in Sources */,
				615C46F729522CFA00D53EAB /* ProfileViewController.swift in Sources */,
				61728E622949311600E1A1AD /* SceneDelegate.swift in Sources */,
				61FF505D294D0EF1004D59AF /* HomeViewController.swift in Sources */,
			);
			runOnlyForDeploymentPostprocessing = 0;
		};
/* End PBXSourcesBuildPhase section */

/* Begin PBXVariantGroup section */
		61728E6A2949311A00E1A1AD /* LaunchScreen.storyboard */ = {
			isa = PBXVariantGroup;
			children = (
				61728E6B2949311A00E1A1AD /* Base */,
			);
			name = LaunchScreen.storyboard;
			sourceTree = "<group>";
		};
/* End PBXVariantGroup section */

/* Begin XCBuildConfiguration section */
		61728E6E2949311A00E1A1AD /* Debug */ = {
			isa = XCBuildConfiguration;
			buildSettings = {
				ALWAYS_SEARCH_USER_PATHS = NO;
				CLANG_ANALYZER_NONNULL = YES;
				CLANG_ANALYZER_NUMBER_OBJECT_CONVERSION = YES_AGGRESSIVE;
				CLANG_CXX_LANGUAGE_STANDARD = "gnu++17";
				CLANG_ENABLE_MODULES = YES;
				CLANG_ENABLE_OBJC_ARC = YES;
				CLANG_ENABLE_OBJC_WEAK = YES;
				CLANG_WARN_BLOCK_CAPTURE_AUTORELEASING = YES;
				CLANG_WARN_BOOL_CONVERSION = YES;
				CLANG_WARN_COMMA = YES;
				CLANG_WARN_CONSTANT_CONVERSION = YES;
				CLANG_WARN_DEPRECATED_OBJC_IMPLEMENTATIONS = YES;
				CLANG_WARN_DIRECT_OBJC_ISA_USAGE = YES_ERROR;
				CLANG_WARN_DOCUMENTATION_COMMENTS = YES;
				CLANG_WARN_EMPTY_BODY = YES;
				CLANG_WARN_ENUM_CONVERSION = YES;
				CLANG_WARN_INFINITE_RECURSION = YES;
				CLANG_WARN_INT_CONVERSION = YES;
				CLANG_WARN_NON_LITERAL_NULL_CONVERSION = YES;
				CLANG_WARN_OBJC_IMPLICIT_RETAIN_SELF = YES;
				CLANG_WARN_OBJC_LITERAL_CONVERSION = YES;
				CLANG_WARN_OBJC_ROOT_CLASS = YES_ERROR;
				CLANG_WARN_QUOTED_INCLUDE_IN_FRAMEWORK_HEADER = YES;
				CLANG_WARN_RANGE_LOOP_ANALYSIS = YES;
				CLANG_WARN_STRICT_PROTOTYPES = YES;
				CLANG_WARN_SUSPICIOUS_MOVE = YES;
				CLANG_WARN_UNGUARDED_AVAILABILITY = YES_AGGRESSIVE;
				CLANG_WARN_UNREACHABLE_CODE = YES;
				CLANG_WARN__DUPLICATE_METHOD_MATCH = YES;
				COPY_PHASE_STRIP = NO;
				DEBUG_INFORMATION_FORMAT = dwarf;
				ENABLE_STRICT_OBJC_MSGSEND = YES;
				ENABLE_TESTABILITY = YES;
				GCC_C_LANGUAGE_STANDARD = gnu11;
				GCC_DYNAMIC_NO_PIC = NO;
				GCC_NO_COMMON_BLOCKS = YES;
				GCC_OPTIMIZATION_LEVEL = 0;
				GCC_PREPROCESSOR_DEFINITIONS = (
					"DEBUG=1",
					"$(inherited)",
				);
				GCC_WARN_64_TO_32_BIT_CONVERSION = YES;
				GCC_WARN_ABOUT_RETURN_TYPE = YES_ERROR;
				GCC_WARN_UNDECLARED_SELECTOR = YES;
				GCC_WARN_UNINITIALIZED_AUTOS = YES_AGGRESSIVE;
				GCC_WARN_UNUSED_FUNCTION = YES;
				GCC_WARN_UNUSED_VARIABLE = YES;
				IPHONEOS_DEPLOYMENT_TARGET = 15.5;
				MTL_ENABLE_DEBUG_INFO = INCLUDE_SOURCE;
				MTL_FAST_MATH = YES;
				ONLY_ACTIVE_ARCH = YES;
				SDKROOT = iphoneos;
				SWIFT_ACTIVE_COMPILATION_CONDITIONS = DEBUG;
				SWIFT_OPTIMIZATION_LEVEL = "-Onone";
			};
			name = Debug;
		};
		61728E6F2949311A00E1A1AD /* Release */ = {
			isa = XCBuildConfiguration;
			buildSettings = {
				ALWAYS_SEARCH_USER_PATHS = NO;
				CLANG_ANALYZER_NONNULL = YES;
				CLANG_ANALYZER_NUMBER_OBJECT_CONVERSION = YES_AGGRESSIVE;
				CLANG_CXX_LANGUAGE_STANDARD = "gnu++17";
				CLANG_ENABLE_MODULES = YES;
				CLANG_ENABLE_OBJC_ARC = YES;
				CLANG_ENABLE_OBJC_WEAK = YES;
				CLANG_WARN_BLOCK_CAPTURE_AUTORELEASING = YES;
				CLANG_WARN_BOOL_CONVERSION = YES;
				CLANG_WARN_COMMA = YES;
				CLANG_WARN_CONSTANT_CONVERSION = YES;
				CLANG_WARN_DEPRECATED_OBJC_IMPLEMENTATIONS = YES;
				CLANG_WARN_DIRECT_OBJC_ISA_USAGE = YES_ERROR;
				CLANG_WARN_DOCUMENTATION_COMMENTS = YES;
				CLANG_WARN_EMPTY_BODY = YES;
				CLANG_WARN_ENUM_CONVERSION = YES;
				CLANG_WARN_INFINITE_RECURSION = YES;
				CLANG_WARN_INT_CONVERSION = YES;
				CLANG_WARN_NON_LITERAL_NULL_CONVERSION = YES;
				CLANG_WARN_OBJC_IMPLICIT_RETAIN_SELF = YES;
				CLANG_WARN_OBJC_LITERAL_CONVERSION = YES;
				CLANG_WARN_OBJC_ROOT_CLASS = YES_ERROR;
				CLANG_WARN_QUOTED_INCLUDE_IN_FRAMEWORK_HEADER = YES;
				CLANG_WARN_RANGE_LOOP_ANALYSIS = YES;
				CLANG_WARN_STRICT_PROTOTYPES = YES;
				CLANG_WARN_SUSPICIOUS_MOVE = YES;
				CLANG_WARN_UNGUARDED_AVAILABILITY = YES_AGGRESSIVE;
				CLANG_WARN_UNREACHABLE_CODE = YES;
				CLANG_WARN__DUPLICATE_METHOD_MATCH = YES;
				COPY_PHASE_STRIP = NO;
				DEBUG_INFORMATION_FORMAT = "dwarf-with-dsym";
				ENABLE_NS_ASSERTIONS = NO;
				ENABLE_STRICT_OBJC_MSGSEND = YES;
				GCC_C_LANGUAGE_STANDARD = gnu11;
				GCC_NO_COMMON_BLOCKS = YES;
				GCC_WARN_64_TO_32_BIT_CONVERSION = YES;
				GCC_WARN_ABOUT_RETURN_TYPE = YES_ERROR;
				GCC_WARN_UNDECLARED_SELECTOR = YES;
				GCC_WARN_UNINITIALIZED_AUTOS = YES_AGGRESSIVE;
				GCC_WARN_UNUSED_FUNCTION = YES;
				GCC_WARN_UNUSED_VARIABLE = YES;
				IPHONEOS_DEPLOYMENT_TARGET = 15.5;
				MTL_ENABLE_DEBUG_INFO = NO;
				MTL_FAST_MATH = YES;
				SDKROOT = iphoneos;
				SWIFT_COMPILATION_MODE = wholemodule;
				SWIFT_OPTIMIZATION_LEVEL = "-O";
				VALIDATE_PRODUCT = YES;
			};
			name = Release;
		};
		61728E712949311A00E1A1AD /* Debug */ = {
			isa = XCBuildConfiguration;
			buildSettings = {
				ASSETCATALOG_COMPILER_APPICON_NAME = AppIcon;
				ASSETCATALOG_COMPILER_GLOBAL_ACCENT_COLOR_NAME = AccentColor;
				CODE_SIGN_STYLE = Automatic;
				CURRENT_PROJECT_VERSION = 1;
				DEVELOPMENT_TEAM = 45Y77HXG9H;
				GENERATE_INFOPLIST_FILE = YES;
				INFOPLIST_FILE = GolDeHoy/Info.plist;
				INFOPLIST_KEY_UIApplicationSupportsIndirectInputEvents = YES;
				INFOPLIST_KEY_UILaunchStoryboardName = LaunchScreen;
				INFOPLIST_KEY_UISupportedInterfaceOrientations_iPad = "UIInterfaceOrientationPortrait UIInterfaceOrientationPortraitUpsideDown UIInterfaceOrientationLandscapeLeft UIInterfaceOrientationLandscapeRight";
				INFOPLIST_KEY_UISupportedInterfaceOrientations_iPhone = "UIInterfaceOrientationPortrait UIInterfaceOrientationLandscapeLeft UIInterfaceOrientationLandscapeRight";
				LD_RUNPATH_SEARCH_PATHS = (
					"$(inherited)",
					"@executable_path/Frameworks",
				);
				MARKETING_VERSION = 1.0;
				PRODUCT_BUNDLE_IDENTIFIER = com.GolDeHoy;
				PRODUCT_NAME = "$(TARGET_NAME)";
				SWIFT_EMIT_LOC_STRINGS = YES;
				SWIFT_VERSION = 5.0;
				TARGETED_DEVICE_FAMILY = "1,2";
			};
			name = Debug;
		};
		61728E722949311A00E1A1AD /* Release */ = {
			isa = XCBuildConfiguration;
			buildSettings = {
				ASSETCATALOG_COMPILER_APPICON_NAME = AppIcon;
				ASSETCATALOG_COMPILER_GLOBAL_ACCENT_COLOR_NAME = AccentColor;
				CODE_SIGN_STYLE = Automatic;
				CURRENT_PROJECT_VERSION = 1;
				DEVELOPMENT_TEAM = 45Y77HXG9H;
				GENERATE_INFOPLIST_FILE = YES;
				INFOPLIST_FILE = GolDeHoy/Info.plist;
				INFOPLIST_KEY_UIApplicationSupportsIndirectInputEvents = YES;
				INFOPLIST_KEY_UILaunchStoryboardName = LaunchScreen;
				INFOPLIST_KEY_UISupportedInterfaceOrientations_iPad = "UIInterfaceOrientationPortrait UIInterfaceOrientationPortraitUpsideDown UIInterfaceOrientationLandscapeLeft UIInterfaceOrientationLandscapeRight";
				INFOPLIST_KEY_UISupportedInterfaceOrientations_iPhone = "UIInterfaceOrientationPortrait UIInterfaceOrientationLandscapeLeft UIInterfaceOrientationLandscapeRight";
				LD_RUNPATH_SEARCH_PATHS = (
					"$(inherited)",
					"@executable_path/Frameworks",
				);
				MARKETING_VERSION = 1.0;
				PRODUCT_BUNDLE_IDENTIFIER = com.GolDeHoy;
				PRODUCT_NAME = "$(TARGET_NAME)";
				SWIFT_EMIT_LOC_STRINGS = YES;
				SWIFT_VERSION = 5.0;
				TARGETED_DEVICE_FAMILY = "1,2";
			};
			name = Release;
		};
/* End XCBuildConfiguration section */

/* Begin XCConfigurationList section */
		61728E572949311600E1A1AD /* Build configuration list for PBXProject "GolDeHoy" */ = {
			isa = XCConfigurationList;
			buildConfigurations = (
				61728E6E2949311A00E1A1AD /* Debug */,
				61728E6F2949311A00E1A1AD /* Release */,
			);
			defaultConfigurationIsVisible = 0;
			defaultConfigurationName = Release;
		};
		61728E702949311A00E1A1AD /* Build configuration list for PBXNativeTarget "GolDeHoy" */ = {
			isa = XCConfigurationList;
			buildConfigurations = (
				61728E712949311A00E1A1AD /* Debug */,
				61728E722949311A00E1A1AD /* Release */,
			);
			defaultConfigurationIsVisible = 0;
			defaultConfigurationName = Release;
		};
/* End XCConfigurationList section */
	};
	rootObject = 61728E542949311600E1A1AD /* Project object */;
}
